
Microsoft Visual Studio Solution File, Format Version 12.00
# Visual Studio Version 17
VisualStudioVersion = 17.5.33502.453
MinimumVisualStudioVersion = 10.0.40219.1
Project("{9A19103F-16F7-4668-BE54-9A1E7A4F7556}") = "HtmxCookbook", "HtmxCookbook.csproj", "{EDB59098-7D66-4044-985B-B65E9A47027C}"
EndProject
Global
	GlobalSection(SolutionConfigurationPlatforms) = preSolution
		Debug|Any CPU = Debug|Any CPU
		Release|Any CPU = Release|Any CPU
	EndGlobalSection
	GlobalSection(ProjectConfigurationPlatforms) = postSolution
		{EDB59098-7D66-4044-985B-B65E9A47027C}.Debug|Any CPU.ActiveCfg = Debug|Any CPU
		{EDB59098-7D66-4044-985B-B65E9A47027C}.Debug|Any CPU.Build.0 = Debug|Any CPU
		{EDB59098-7D66-4044-985B-B65E9A47027C}.Release|Any CPU.ActiveCfg = Release|Any CPU
		{EDB59098-7D66-4044-985B-B65E9A47027C}.Release|Any CPU.Build.0 = Release|Any CPU
	EndGlobalSection
	GlobalSection(SolutionProperties) = preSolution
		HideSolutionNode = FALSE
	EndGlobalSection
	GlobalSection(ExtensibilityGlobals) = postSolution
		SolutionGuid = {E039370A-AFED-4C0D-BA3C-3766EC7FBF39}
	EndGlobalSection
EndGlobal
